// !$*UTF8*$!
{
	archiveVersion = 1;
	classes = {
	};
	objectVersion = 50;
	objects = {

/* Begin PBXBuildFile section */
		3A35DC3E2176AD7000B5BE19 /* AppDelegate.swift in Sources */ = {isa = PBXBuildFile; fileRef = 3A35DC3D2176AD7000B5BE19 /* AppDelegate.swift */; };
		3A35DC402176AD7000B5BE19 /* RootViewController.swift in Sources */ = {isa = PBXBuildFile; fileRef = 3A35DC3F2176AD7000B5BE19 /* RootViewController.swift */; };
		3A35DC422176AD7000B5BE19 /* DataViewController.swift in Sources */ = {isa = PBXBuildFile; fileRef = 3A35DC412176AD7000B5BE19 /* DataViewController.swift */; };
		3A35DC442176AD7000B5BE19 /* ModelController.swift in Sources */ = {isa = PBXBuildFile; fileRef = 3A35DC432176AD7000B5BE19 /* ModelController.swift */; };
		3A35DC472176AD7000B5BE19 /* Main.storyboard in Resources */ = {isa = PBXBuildFile; fileRef = 3A35DC452176AD7000B5BE19 /* Main.storyboard */; };
		3A35DC492176AD7100B5BE19 /* Assets.xcassets in Resources */ = {isa = PBXBuildFile; fileRef = 3A35DC482176AD7100B5BE19 /* Assets.xcassets */; };
		3A35DC4C2176AD7100B5BE19 /* LaunchScreen.storyboard in Resources */ = {isa = PBXBuildFile; fileRef = 3A35DC4A2176AD7100B5BE19 /* LaunchScreen.storyboard */; };
		3A35DC572176AD7200B5BE19 /* AdDrinksTests.swift in Sources */ = {isa = PBXBuildFile; fileRef = 3A35DC562176AD7200B5BE19 /* AdDrinksTests.swift */; };
		3A35DC622176AD7200B5BE19 /* AdDrinksUITests.swift in Sources */ = {isa = PBXBuildFile; fileRef = 3A35DC612176AD7200B5BE19 /* AdDrinksUITests.swift */; };
/* End PBXBuildFile section */

/* Begin PBXContainerItemProxy section */
		3A35DC532176AD7200B5BE19 /* PBXContainerItemProxy */ = {
			isa = PBXContainerItemProxy;
			containerPortal = 3A35DC322176AD7000B5BE19 /* Project object */;
			proxyType = 1;
			remoteGlobalIDString = 3A35DC392176AD7000B5BE19;
			remoteInfo = AdDrinks;
		};
		3A35DC5E2176AD7200B5BE19 /* PBXContainerItemProxy */ = {
			isa = PBXContainerItemProxy;
			containerPortal = 3A35DC322176AD7000B5BE19 /* Project object */;
			proxyType = 1;
			remoteGlobalIDString = 3A35DC392176AD7000B5BE19;
			remoteInfo = AdDrinks;
		};
/* End PBXContainerItemProxy section */

/* Begin PBXFileReference section */
		3A35DC3A2176AD7000B5BE19 /* AdDrinks.app */ = {isa = PBXFileReference; explicitFileType = wrapper.application; includeInIndex = 0; path = AdDrinks.app; sourceTree = BUILT_PRODUCTS_DIR; };
		3A35DC3D2176AD7000B5BE19 /* AppDelegate.swift */ = {isa = PBXFileReference; lastKnownFileType = sourcecode.swift; path = AppDelegate.swift; sourceTree = "<group>"; };
		3A35DC3F2176AD7000B5BE19 /* RootViewController.swift */ = {isa = PBXFileReference; lastKnownFileType = sourcecode.swift; path = RootViewController.swift; sourceTree = "<group>"; };
		3A35DC412176AD7000B5BE19 /* DataViewController.swift */ = {isa = PBXFileReference; lastKnownFileType = sourcecode.swift; path = DataViewController.swift; sourceTree = "<group>"; };
		3A35DC432176AD7000B5BE19 /* ModelController.swift */ = {isa = PBXFileReference; lastKnownFileType = sourcecode.swift; path = ModelController.swift; sourceTree = "<group>"; };
		3A35DC462176AD7000B5BE19 /* Base */ = {isa = PBXFileReference; lastKnownFileType = file.storyboard; name = Base; path = Base.lproj/Main.storyboard; sourceTree = "<group>"; };
		3A35DC482176AD7100B5BE19 /* Assets.xcassets */ = {isa = PBXFileReference; lastKnownFileType = folder.assetcatalog; path = Assets.xcassets; sourceTree = "<group>"; };
		3A35DC4B2176AD7100B5BE19 /* Base */ = {isa = PBXFileReference; lastKnownFileType = file.storyboard; name = Base; path = Base.lproj/LaunchScreen.storyboard; sourceTree = "<group>"; };
		3A35DC4D2176AD7200B5BE19 /* Info.plist */ = {isa = PBXFileReference; lastKnownFileType = text.plist.xml; path = Info.plist; sourceTree = "<group>"; };
		3A35DC522176AD7200B5BE19 /* AdDrinksTests.xctest */ = {isa = PBXFileReference; explicitFileType = wrapper.cfbundle; includeInIndex = 0; path = AdDrinksTests.xctest; sourceTree = BUILT_PRODUCTS_DIR; };
		3A35DC562176AD7200B5BE19 /* AdDrinksTests.swift */ = {isa = PBXFileReference; lastKnownFileType = sourcecode.swift; path = AdDrinksTests.swift; sourceTree = "<group>"; };
		3A35DC582176AD7200B5BE19 /* Info.plist */ = {isa = PBXFileReference; lastKnownFileType = text.plist.xml; path = Info.plist; sourceTree = "<group>"; };
		3A35DC5D2176AD7200B5BE19 /* AdDrinksUITests.xctest */ = {isa = PBXFileReference; explicitFileType = wrapper.cfbundle; includeInIndex = 0; path = AdDrinksUITests.xctest; sourceTree = BUILT_PRODUCTS_DIR; };
		3A35DC612176AD7200B5BE19 /* AdDrinksUITests.swift */ = {isa = PBXFileReference; lastKnownFileType = sourcecode.swift; path = AdDrinksUITests.swift; sourceTree = "<group>"; };
		3A35DC632176AD7200B5BE19 /* Info.plist */ = {isa = PBXFileReference; lastKnownFileType = text.plist.xml; path = Info.plist; sourceTree = "<group>"; };
/* End PBXFileReference section */

/* Begin PBXFrameworksBuildPhase section */
		3A35DC372176AD7000B5BE19 /* Frameworks */ = {
			isa = PBXFrameworksBuildPhase;
			buildActionMask = 2147483647;
			files = (
			);
			runOnlyForDeploymentPostprocessing = 0;
		};
		3A35DC4F2176AD7200B5BE19 /* Frameworks */ = {
			isa = PBXFrameworksBuildPhase;
			buildActionMask = 2147483647;
			files = (
			);
			runOnlyForDeploymentPostprocessing = 0;
		};
		3A35DC5A2176AD7200B5BE19 /* Frameworks */ = {
			isa = PBXFrameworksBuildPhase;
			buildActionMask = 2147483647;
			files = (
			);
			runOnlyForDeploymentPostprocessing = 0;
		};
/* End PBXFrameworksBuildPhase section */

/* Begin PBXGroup section */
		3A35DC312176AD7000B5BE19 = {
			isa = PBXGroup;
			children = (
				3A35DC3C2176AD7000B5BE19 /* AdDrinks */,
				3A35DC552176AD7200B5BE19 /* AdDrinksTests */,
				3A35DC602176AD7200B5BE19 /* AdDrinksUITests */,
				3A35DC3B2176AD7000B5BE19 /* Products */,
			);
			sourceTree = "<group>";
		};
		3A35DC3B2176AD7000B5BE19 /* Products */ = {
			isa = PBXGroup;
			children = (
				3A35DC3A2176AD7000B5BE19 /* AdDrinks.app */,
				3A35DC522176AD7200B5BE19 /* AdDrinksTests.xctest */,
				3A35DC5D2176AD7200B5BE19 /* AdDrinksUITests.xctest */,
			);
			name = Products;
			sourceTree = "<group>";
		};
		3A35DC3C2176AD7000B5BE19 /* AdDrinks */ = {
			isa = PBXGroup;
			children = (
				3A35DC3D2176AD7000B5BE19 /* AppDelegate.swift */,
				3A35DC3F2176AD7000B5BE19 /* RootViewController.swift */,
				3A35DC412176AD7000B5BE19 /* DataViewController.swift */,
				3A35DC432176AD7000B5BE19 /* ModelController.swift */,
				3A35DC452176AD7000B5BE19 /* Main.storyboard */,
				3A35DC482176AD7100B5BE19 /* Assets.xcassets */,
				3A35DC4A2176AD7100B5BE19 /* LaunchScreen.storyboard */,
				3A35DC4D2176AD7200B5BE19 /* Info.plist */,
			);
			path = AdDrinks;
			sourceTree = "<group>";
		};
		3A35DC552176AD7200B5BE19 /* AdDrinksTests */ = {
			isa = PBXGroup;
			children = (
				3A35DC562176AD7200B5BE19 /* AdDrinksTests.swift */,
				3A35DC582176AD7200B5BE19 /* Info.plist */,
			);
			path = AdDrinksTests;
			sourceTree = "<group>";
		};
		3A35DC602176AD7200B5BE19 /* AdDrinksUITests */ = {
			isa = PBXGroup;
			children = (
				3A35DC612176AD7200B5BE19 /* AdDrinksUITests.swift */,
				3A35DC632176AD7200B5BE19 /* Info.plist */,
			);
			path = AdDrinksUITests;
			sourceTree = "<group>";
		};
/* End PBXGroup section */

/* Begin PBXNativeTarget section */
		3A35DC392176AD7000B5BE19 /* AdDrinks */ = {
			isa = PBXNativeTarget;
			buildConfigurationList = 3A35DC662176AD7200B5BE19 /* Build configuration list for PBXNativeTarget "AdDrinks" */;
			buildPhases = (
				3A35DC362176AD7000B5BE19 /* Sources */,
				3A35DC372176AD7000B5BE19 /* Frameworks */,
				3A35DC382176AD7000B5BE19 /* Resources */,
			);
			buildRules = (
			);
			dependencies = (
			);
			name = AdDrinks;
			productName = AdDrinks;
			productReference = 3A35DC3A2176AD7000B5BE19 /* AdDrinks.app */;
			productType = "com.apple.product-type.application";
		};
		3A35DC512176AD7200B5BE19 /* AdDrinksTests */ = {
			isa = PBXNativeTarget;
			buildConfigurationList = 3A35DC692176AD7200B5BE19 /* Build configuration list for PBXNativeTarget "AdDrinksTests" */;
			buildPhases = (
				3A35DC4E2176AD7200B5BE19 /* Sources */,
				3A35DC4F2176AD7200B5BE19 /* Frameworks */,
				3A35DC502176AD7200B5BE19 /* Resources */,
			);
			buildRules = (
			);
			dependencies = (
				3A35DC542176AD7200B5BE19 /* PBXTargetDependency */,
			);
			name = AdDrinksTests;
			productName = AdDrinksTests;
			productReference = 3A35DC522176AD7200B5BE19 /* AdDrinksTests.xctest */;
			productType = "com.apple.product-type.bundle.unit-test";
		};
		3A35DC5C2176AD7200B5BE19 /* AdDrinksUITests */ = {
			isa = PBXNativeTarget;
			buildConfigurationList = 3A35DC6C2176AD7200B5BE19 /* Build configuration list for PBXNativeTarget "AdDrinksUITests" */;
			buildPhases = (
				3A35DC592176AD7200B5BE19 /* Sources */,
				3A35DC5A2176AD7200B5BE19 /* Frameworks */,
				3A35DC5B2176AD7200B5BE19 /* Resources */,
			);
			buildRules = (
			);
			dependencies = (
				3A35DC5F2176AD7200B5BE19 /* PBXTargetDependency */,
			);
			name = AdDrinksUITests;
			productName = AdDrinksUITests;
			productReference = 3A35DC5D2176AD7200B5BE19 /* AdDrinksUITests.xctest */;
			productType = "com.apple.product-type.bundle.ui-testing";
		};
/* End PBXNativeTarget section */

/* Begin PBXProject section */
		3A35DC322176AD7000B5BE19 /* Project object */ = {
			isa = PBXProject;
			attributes = {
				LastSwiftUpdateCheck = 0930;
				LastUpgradeCheck = 0930;
				ORGANIZATIONNAME = AdDrinks;
				TargetAttributes = {
					3A35DC392176AD7000B5BE19 = {
						CreatedOnToolsVersion = 9.3;
					};
					3A35DC512176AD7200B5BE19 = {
						CreatedOnToolsVersion = 9.3;
						TestTargetID = 3A35DC392176AD7000B5BE19;
					};
					3A35DC5C2176AD7200B5BE19 = {
						CreatedOnToolsVersion = 9.3;
						TestTargetID = 3A35DC392176AD7000B5BE19;
					};
				};
			};
			buildConfigurationList = 3A35DC352176AD7000B5BE19 /* Build configuration list for PBXProject "AdDrinks" */;
			compatibilityVersion = "Xcode 9.3";
			developmentRegion = en;
			hasScannedForEncodings = 0;
			knownRegions = (
				en,
				Base,
			);
			mainGroup = 3A35DC312176AD7000B5BE19;
			productRefGroup = 3A35DC3B2176AD7000B5BE19 /* Products */;
			projectDirPath = "";
			projectRoot = "";
			targets = (
				3A35DC392176AD7000B5BE19 /* AdDrinks */,
				3A35DC512176AD7200B5BE19 /* AdDrinksTests */,
				3A35DC5C2176AD7200B5BE19 /* AdDrinksUITests */,
			);
		};
/* End PBXProject section */

/* Begin PBXResourcesBuildPhase section */
		3A35DC382176AD7000B5BE19 /* Resources */ = {
			isa = PBXResourcesBuildPhase;
			buildActionMask = 2147483647;
			files = (
				3A35DC4C2176AD7100B5BE19 /* LaunchScreen.storyboard in Resources */,
				3A35DC492176AD7100B5BE19 /* Assets.xcassets in Resources */,
				3A35DC472176AD7000B5BE19 /* Main.storyboard in Resources */,
			);
			runOnlyForDeploymentPostprocessing = 0;
		};
		3A35DC502176AD7200B5BE19 /* Resources */ = {
			isa = PBXResourcesBuildPhase;
			buildActionMask = 2147483647;
			files = (
			);
			runOnlyForDeploymentPostprocessing = 0;
		};
		3A35DC5B2176AD7200B5BE19 /* Resources */ = {
			isa = PBXResourcesBuildPhase;
			buildActionMask = 2147483647;
			files = (
			);
			runOnlyForDeploymentPostprocessing = 0;
		};
/* End PBXResourcesBuildPhase section */

/* Begin PBXSourcesBuildPhase section */
		3A35DC362176AD7000B5BE19 /* Sources */ = {
			isa = PBXSourcesBuildPhase;
			buildActionMask = 2147483647;
			files = (
				3A35DC402176AD7000B5BE19 /* RootViewController.swift in Sources */,
				3A35DC442176AD7000B5BE19 /* ModelController.swift in Sources */,
				3A35DC422176AD7000B5BE19 /* DataViewController.swift in Sources */,
				3A35DC3E2176AD7000B5BE19 /* AppDelegate.swift in Sources */,
			);
			runOnlyForDeploymentPostprocessing = 0;
		};
		3A35DC4E2176AD7200B5BE19 /* Sources */ = {
			isa = PBXSourcesBuildPhase;
			buildActionMask = 2147483647;
			files = (
				3A35DC572176AD7200B5BE19 /* AdDrinksTests.swift in Sources */,
			);
			runOnlyForDeploymentPostprocessing = 0;
		};
		3A35DC592176AD7200B5BE19 /* Sources */ = {
			isa = PBXSourcesBuildPhase;
			buildActionMask = 2147483647;
			files = (
				3A35DC622176AD7200B5BE19 /* AdDrinksUITests.swift in Sources */,
			);
			runOnlyForDeploymentPostprocessing = 0;
		};
/* End PBXSourcesBuildPhase section */

/* Begin PBXTargetDependency section */
		3A35DC542176AD7200B5BE19 /* PBXTargetDependency */ = {
			isa = PBXTargetDependency;
			target = 3A35DC392176AD7000B5BE19 /* AdDrinks */;
			targetProxy = 3A35DC532176AD7200B5BE19 /* PBXContainerItemProxy */;
		};
		3A35DC5F2176AD7200B5BE19 /* PBXTargetDependency */ = {
			isa = PBXTargetDependency;
			target = 3A35DC392176AD7000B5BE19 /* AdDrinks */;
			targetProxy = 3A35DC5E2176AD7200B5BE19 /* PBXContainerItemProxy */;
		};
/* End PBXTargetDependency section */

/* Begin PBXVariantGroup section */
		3A35DC452176AD7000B5BE19 /* Main.storyboard */ = {
			isa = PBXVariantGroup;
			children = (
				3A35DC462176AD7000B5BE19 /* Base */,
			);
			name = Main.storyboard;
			sourceTree = "<group>";
		};
		3A35DC4A2176AD7100B5BE19 /* LaunchScreen.storyboard */ = {
			isa = PBXVariantGroup;
			children = (
				3A35DC4B2176AD7100B5BE19 /* Base */,
			);
			name = LaunchScreen.storyboard;
			sourceTree = "<group>";
		};
/* End PBXVariantGroup section */

/* Begin XCBuildConfiguration section */
		3A35DC642176AD7200B5BE19 /* Debug */ = {
			isa = XCBuildConfiguration;
			buildSettings = {
				ALWAYS_SEARCH_USER_PATHS = NO;
				CLANG_ANALYZER_NONNULL = YES;
				CLANG_ANALYZER_NUMBER_OBJECT_CONVERSION = YES_AGGRESSIVE;
				CLANG_CXX_LANGUAGE_STANDARD = "gnu++14";
				CLANG_CXX_LIBRARY = "libc++";
				CLANG_ENABLE_MODULES = YES;
				CLANG_ENABLE_OBJC_ARC = YES;
				CLANG_ENABLE_OBJC_WEAK = YES;
				CLANG_WARN_BLOCK_CAPTURE_AUTORELEASING = YES;
				CLANG_WARN_BOOL_CONVERSION = YES;
				CLANG_WARN_COMMA = YES;
				CLANG_WARN_CONSTANT_CONVERSION = YES;
				CLANG_WARN_DEPRECATED_OBJC_IMPLEMENTATIONS = YES;
				CLANG_WARN_DIRECT_OBJC_ISA_USAGE = YES_ERROR;
				CLANG_WARN_DOCUMENTATION_COMMENTS = YES;
				CLANG_WARN_EMPTY_BODY = YES;
				CLANG_WARN_ENUM_CONVERSION = YES;
				CLANG_WARN_INFINITE_RECURSION = YES;
				CLANG_WARN_INT_CONVERSION = YES;
				CLANG_WARN_NON_LITERAL_NULL_CONVERSION = YES;
				CLANG_WARN_OBJC_IMPLICIT_RETAIN_SELF = YES;
				CLANG_WARN_OBJC_LITERAL_CONVERSION = YES;
				CLANG_WARN_OBJC_ROOT_CLASS = YES_ERROR;
				CLANG_WARN_RANGE_LOOP_ANALYSIS = YES;
				CLANG_WARN_STRICT_PROTOTYPES = YES;
				CLANG_WARN_SUSPICIOUS_MOVE = YES;
				CLANG_WARN_UNGUARDED_AVAILABILITY = YES_AGGRESSIVE;
				CLANG_WARN_UNREACHABLE_CODE = YES;
				CLANG_WARN__DUPLICATE_METHOD_MATCH = YES;
				CODE_SIGN_IDENTITY = "iPhone Developer";
				COPY_PHASE_STRIP = NO;
				DEBUG_INFORMATION_FORMAT = dwarf;
				ENABLE_STRICT_OBJC_MSGSEND = YES;
				ENABLE_TESTABILITY = YES;
				GCC_C_LANGUAGE_STANDARD = gnu11;
				GCC_DYNAMIC_NO_PIC = NO;
				GCC_NO_COMMON_BLOCKS = YES;
				GCC_OPTIMIZATION_LEVEL = 0;
				GCC_PREPROCESSOR_DEFINITIONS = (
					"DEBUG=1",
					"$(inherited)",
				);
				GCC_WARN_64_TO_32_BIT_CONVERSION = YES;
				GCC_WARN_ABOUT_RETURN_TYPE = YES_ERROR;
				GCC_WARN_UNDECLARED_SELECTOR = YES;
				GCC_WARN_UNINITIALIZED_AUTOS = YES_AGGRESSIVE;
				GCC_WARN_UNUSED_FUNCTION = YES;
				GCC_WARN_UNUSED_VARIABLE = YES;
				IPHONEOS_DEPLOYMENT_TARGET = 11.3;
				MTL_ENABLE_DEBUG_INFO = YES;
				ONLY_ACTIVE_ARCH = YES;
				SDKROOT = iphoneos;
				SWIFT_ACTIVE_COMPILATION_CONDITIONS = DEBUG;
				SWIFT_OPTIMIZATION_LEVEL = "-Onone";
			};
			name = Debug;
		};
		3A35DC652176AD7200B5BE19 /* Release */ = {
			isa = XCBuildConfiguration;
			buildSettings = {
				ALWAYS_SEARCH_USER_PATHS = NO;
				CLANG_ANALYZER_NONNULL = YES;
				CLANG_ANALYZER_NUMBER_OBJECT_CONVERSION = YES_AGGRESSIVE;
				CLANG_CXX_LANGUAGE_STANDARD = "gnu++14";
				CLANG_CXX_LIBRARY = "libc++";
				CLANG_ENABLE_MODULES = YES;
				CLANG_ENABLE_OBJC_ARC = YES;
				CLANG_ENABLE_OBJC_WEAK = YES;
				CLANG_WARN_BLOCK_CAPTURE_AUTORELEASING = YES;
				CLANG_WARN_BOOL_CONVERSION = YES;
				CLANG_WARN_COMMA = YES;
				CLANG_WARN_CONSTANT_CONVERSION = YES;
				CLANG_WARN_DEPRECATED_OBJC_IMPLEMENTATIONS = YES;
				CLANG_WARN_DIRECT_OBJC_ISA_USAGE = YES_ERROR;
				CLANG_WARN_DOCUMENTATION_COMMENTS = YES;
				CLANG_WARN_EMPTY_BODY = YES;
				CLANG_WARN_ENUM_CONVERSION = YES;
				CLANG_WARN_INFINITE_RECURSION = YES;
				CLANG_WARN_INT_CONVERSION = YES;
				CLANG_WARN_NON_LITERAL_NULL_CONVERSION = YES;
				CLANG_WARN_OBJC_IMPLICIT_RETAIN_SELF = YES;
				CLANG_WARN_OBJC_LITERAL_CONVERSION = YES;
				CLANG_WARN_OBJC_ROOT_CLASS = YES_ERROR;
				CLANG_WARN_RANGE_LOOP_ANALYSIS = YES;
				CLANG_WARN_STRICT_PROTOTYPES = YES;
				CLANG_WARN_SUSPICIOUS_MOVE = YES;
				CLANG_WARN_UNGUARDED_AVAILABILITY = YES_AGGRESSIVE;
				CLANG_WARN_UNREACHABLE_CODE = YES;
				CLANG_WARN__DUPLICATE_METHOD_MATCH = YES;
				CODE_SIGN_IDENTITY = "iPhone Developer";
				COPY_PHASE_STRIP = NO;
				DEBUG_INFORMATION_FORMAT = "dwarf-with-dsym";
				ENABLE_NS_ASSERTIONS = NO;
				ENABLE_STRICT_OBJC_MSGSEND = YES;
				GCC_C_LANGUAGE_STANDARD = gnu11;
				GCC_NO_COMMON_BLOCKS = YES;
				GCC_WARN_64_TO_32_BIT_CONVERSION = YES;
				GCC_WARN_ABOUT_RETURN_TYPE = YES_ERROR;
				GCC_WARN_UNDECLARED_SELECTOR = YES;
				GCC_WARN_UNINITIALIZED_AUTOS = YES_AGGRESSIVE;
				GCC_WARN_UNUSED_FUNCTION = YES;
				GCC_WARN_UNUSED_VARIABLE = YES;
				IPHONEOS_DEPLOYMENT_TARGET = 11.3;
				MTL_ENABLE_DEBUG_INFO = NO;
				SDKROOT = iphoneos;
				SWIFT_COMPILATION_MODE = wholemodule;
				SWIFT_OPTIMIZATION_LEVEL = "-O";
				VALIDATE_PRODUCT = YES;
			};
			name = Release;
		};
		3A35DC672176AD7200B5BE19 /* Debug */ = {
			isa = XCBuildConfiguration;
			buildSettings = {
				ASSETCATALOG_COMPILER_APPICON_NAME = AppIcon;
				CODE_SIGN_STYLE = Automatic;
				DEVELOPMENT_TEAM = 3728NLQX37;
				INFOPLIST_FILE = AdDrinks/Info.plist;
				LD_RUNPATH_SEARCH_PATHS = (
					"$(inherited)",
					"@executable_path/Frameworks",
				);
				PRODUCT_BUNDLE_IDENTIFIER = de.addrinks.AdDrinks;
				PRODUCT_NAME = "$(TARGET_NAME)";
				SWIFT_VERSION = 4.0;
				TARGETED_DEVICE_FAMILY = "1,2";
			};
			name = Debug;
		};
		3A35DC682176AD7200B5BE19 /* Release */ = {
			isa = XCBuildConfiguration;
			buildSettings = {
				ASSETCATALOG_COMPILER_APPICON_NAME = AppIcon;
				CODE_SIGN_STYLE = Automatic;
				DEVELOPMENT_TEAM = 3728NLQX37;
				INFOPLIST_FILE = AdDrinks/Info.plist;
				LD_RUNPATH_SEARCH_PATHS = (
					"$(inherited)",
					"@executable_path/Frameworks",
				);
				PRODUCT_BUNDLE_IDENTIFIER = de.addrinks.AdDrinks;
				PRODUCT_NAME = "$(TARGET_NAME)";
				SWIFT_VERSION = 4.0;
				TARGETED_DEVICE_FAMILY = "1,2";
			};
			name = Release;
		};
		3A35DC6A2176AD7200B5BE19 /* Debug */ = {
			isa = XCBuildConfiguration;
			buildSettings = {
				ALWAYS_EMBED_SWIFT_STANDARD_LIBRARIES = YES;
				BUNDLE_LOADER = "$(TEST_HOST)";
				CODE_SIGN_STYLE = Automatic;
				DEVELOPMENT_TEAM = 3728NLQX37;
				INFOPLIST_FILE = AdDrinksTests/Info.plist;
				LD_RUNPATH_SEARCH_PATHS = (
					"$(inherited)",
					"@executable_path/Frameworks",
					"@loader_path/Frameworks",
				);
				PRODUCT_BUNDLE_IDENTIFIER = de.addrinks.AdDrinksTests;
				PRODUCT_NAME = "$(TARGET_NAME)";
				SWIFT_VERSION = 4.0;
				TARGETED_DEVICE_FAMILY = "1,2";
				TEST_HOST = "$(BUILT_PRODUCTS_DIR)/AdDrinks.app/AdDrinks";
			};
			name = Debug;
		};
		3A35DC6B2176AD7200B5BE19 /* Release */ = {
			isa = XCBuildConfiguration;
			buildSettings = {
				ALWAYS_EMBED_SWIFT_STANDARD_LIBRARIES = YES;
				BUNDLE_LOADER = "$(TEST_HOST)";
				CODE_SIGN_STYLE = Automatic;
				DEVELOPMENT_TEAM = 3728NLQX37;
				INFOPLIST_FILE = AdDrinksTests/Info.plist;
				LD_RUNPATH_SEARCH_PATHS = (
					"$(inherited)",
					"@executable_path/Frameworks",
					"@loader_path/Frameworks",
				);
				PRODUCT_BUNDLE_IDENTIFIER = de.addrinks.AdDrinksTests;
				PRODUCT_NAME = "$(TARGET_NAME)";
				SWIFT_VERSION = 4.0;
				TARGETED_DEVICE_FAMILY = "1,2";
				TEST_HOST = "$(BUILT_PRODUCTS_DIR)/AdDrinks.app/AdDrinks";
			};
			name = Release;
		};
		3A35DC6D2176AD7200B5BE19 /* Debug */ = {
			isa = XCBuildConfiguration;
			buildSettings = {
				ALWAYS_EMBED_SWIFT_STANDARD_LIBRARIES = YES;
				CODE_SIGN_STYLE = Automatic;
				DEVELOPMENT_TEAM = 3728NLQX37;
				INFOPLIST_FILE = AdDrinksUITests/Info.plist;
				LD_RUNPATH_SEARCH_PATHS = (
					"$(inherited)",
					"@executable_path/Frameworks",
					"@loader_path/Frameworks",
				);
				PRODUCT_BUNDLE_IDENTIFIER = de.addrinks.AdDrinksUITests;
				PRODUCT_NAME = "$(TARGET_NAME)";
				SWIFT_VERSION = 4.0;
				TARGETED_DEVICE_FAMILY = "1,2";
				TEST_TARGET_NAME = AdDrinks;
			};
			name = Debug;
		};
		3A35DC6E2176AD7200B5BE19 /* Release */ = {
			isa = XCBuildConfiguration;
			buildSettings = {
				ALWAYS_EMBED_SWIFT_STANDARD_LIBRARIES = YES;
				CODE_SIGN_STYLE = Automatic;
				DEVELOPMENT_TEAM = 3728NLQX37;
				INFOPLIST_FILE = AdDrinksUITests/Info.plist;
				LD_RUNPATH_SEARCH_PATHS = (
					"$(inherited)",
					"@executable_path/Frameworks",
					"@loader_path/Frameworks",
				);
				PRODUCT_BUNDLE_IDENTIFIER = de.addrinks.AdDrinksUITests;
				PRODUCT_NAME = "$(TARGET_NAME)";
				SWIFT_VERSION = 4.0;
				TARGETED_DEVICE_FAMILY = "1,2";
				TEST_TARGET_NAME = AdDrinks;
			};
			name = Release;
		};
/* End XCBuildConfiguration section */

/* Begin XCConfigurationList section */
		3A35DC352176AD7000B5BE19 /* Build configuration list for PBXProject "AdDrinks" */ = {
			isa = XCConfigurationList;
			buildConfigurations = (
				3A35DC642176AD7200B5BE19 /* Debug */,
				3A35DC652176AD7200B5BE19 /* Release */,
			);
			defaultConfigurationIsVisible = 0;
			defaultConfigurationName = Release;
		};
		3A35DC662176AD7200B5BE19 /* Build configuration list for PBXNativeTarget "AdDrinks" */ = {
			isa = XCConfigurationList;
			buildConfigurations = (
				3A35DC672176AD7200B5BE19 /* Debug */,
				3A35DC682176AD7200B5BE19 /* Release */,
			);
			defaultConfigurationIsVisible = 0;
			defaultConfigurationName = Release;
		};
		3A35DC692176AD7200B5BE19 /* Build configuration list for PBXNativeTarget "AdDrinksTests" */ = {
			isa = XCConfigurationList;
			buildConfigurations = (
				3A35DC6A2176AD7200B5BE19 /* Debug */,
				3A35DC6B2176AD7200B5BE19 /* Release */,
			);
			defaultConfigurationIsVisible = 0;
			defaultConfigurationName = Release;
		};
		3A35DC6C2176AD7200B5BE19 /* Build configuration list for PBXNativeTarget "AdDrinksUITests" */ = {
			isa = XCConfigurationList;
			buildConfigurations = (
				3A35DC6D2176AD7200B5BE19 /* Debug */,
				3A35DC6E2176AD7200B5BE19 /* Release */,
			);
			defaultConfigurationIsVisible = 0;
			defaultConfigurationName = Release;
		};
/* End XCConfigurationList section */
	};
	rootObject = 3A35DC322176AD7000B5BE19 /* Project object */;
}
